
Microsoft Visual Studio Solution File, Format Version 12.00
# Visual Studio Version 17
VisualStudioVersion = 17.1.32328.378
MinimumVisualStudioVersion = 10.0.40219.1
Project("{FAE04EC0-301F-11D3-BF4B-00C04F79EFBC}") = "TicTacToe", "TicTacToe\TicTacToe.csproj", "{725F6C3C-6E88-4DA2-9076-96C95E0A13DA}"
EndProject
Global
	GlobalSection(SolutionConfigurationPlatforms) = preSolution
		Debug|Any CPU = Debug|Any CPU
		Release|Any CPU = Release|Any CPU
	EndGlobalSection
	GlobalSection(ProjectConfigurationPlatforms) = postSolution
		{725F6C3C-6E88-4DA2-9076-96C95E0A13DA}.Debug|Any CPU.ActiveCfg = Debug|Any CPU
		{725F6C3C-6E88-4DA2-9076-96C95E0A13DA}.Debug|Any CPU.Build.0 = Debug|Any CPU
		{725F6C3C-6E88-4DA2-9076-96C95E0A13DA}.Release|Any CPU.ActiveCfg = Release|Any CPU
		{725F6C3C-6E88-4DA2-9076-96C95E0A13DA}.Release|Any CPU.Build.0 = Release|Any CPU
	EndGlobalSection
	GlobalSection(SolutionProperties) = preSolution
		HideSolutionNode = FALSE
	EndGlobalSection
	GlobalSection(ExtensibilityGlobals) = postSolution
		SolutionGuid = {99CEC0CA-AED6-4752-92BA-B87787631677}
	EndGlobalSection
EndGlobal
